Microsoft Visual Studio Solution File, Format Version 11.00
# Visual Studio 2008

Project("{30B64293-450D-D1A5-2916-3DC14754E11C}") = "Rush01", "Assembly-CSharp-firstpass.csproj", "{9176624F-8856-6347-90D8-C81F4EAC1930}"
EndProject
Project("{30B64293-450D-D1A5-2916-3DC14754E11C}") = "Rush01", "Assembly-CSharp.csproj", "{EE54591C-D809-7C79-07CB-48320C691713}"
EndProject
Project("{30B64293-450D-D1A5-2916-3DC14754E11C}") = "Rush01", "Assembly-CSharp-Editor.csproj", "{2E7653C9-B0A2-D29E-015A-6B6937B22D33}"
EndProject
Global
	GlobalSection(SolutionConfigurationPlatforms) = preSolution
		Debug|Any CPU = Debug|Any CPU
		Release|Any CPU = Release|Any CPU
	EndGlobalSection
	GlobalSection(ProjectConfigurationPlatforms) = postSolution
		{9176624F-8856-6347-90D8-C81F4EAC1930}.Debug|Any CPU.ActiveCfg = Debug|Any CPU
		{9176624F-8856-6347-90D8-C81F4EAC1930}.Debug|Any CPU.Build.0 = Debug|Any CPU
		{9176624F-8856-6347-90D8-C81F4EAC1930}.Release|Any CPU.ActiveCfg = Release|Any CPU
		{9176624F-8856-6347-90D8-C81F4EAC1930}.Release|Any CPU.Build.0 = Release|Any CPU
		{EE54591C-D809-7C79-07CB-48320C691713}.Debug|Any CPU.ActiveCfg = Debug|Any CPU
		{EE54591C-D809-7C79-07CB-48320C691713}.Debug|Any CPU.Build.0 = Debug|Any CPU
		{EE54591C-D809-7C79-07CB-48320C691713}.Release|Any CPU.ActiveCfg = Release|Any CPU
		{EE54591C-D809-7C79-07CB-48320C691713}.Release|Any CPU.Build.0 = Release|Any CPU
		{2E7653C9-B0A2-D29E-015A-6B6937B22D33}.Debug|Any CPU.ActiveCfg = Debug|Any CPU
		{2E7653C9-B0A2-D29E-015A-6B6937B22D33}.Debug|Any CPU.Build.0 = Debug|Any CPU
		{2E7653C9-B0A2-D29E-015A-6B6937B22D33}.Release|Any CPU.ActiveCfg = Release|Any CPU
		{2E7653C9-B0A2-D29E-015A-6B6937B22D33}.Release|Any CPU.Build.0 = Release|Any CPU
	EndGlobalSection
	GlobalSection(SolutionProperties) = preSolution
		HideSolutionNode = FALSE
	EndGlobalSection
	GlobalSection(MonoDevelopProperties) = preSolution
		StartupItem = Assembly-CSharp.csproj
	EndGlobalSection
EndGlobal
