Microsoft Visual Studio Solution File, Format Version 11.00
# Visual Studio 2008

Project("{9D935E3F-63E6-97BC-5423-12327874CE87}") = "rush01_0", "Assembly-CSharp-firstpass.csproj", "{39B2A280-C50D-C001-F4F2-82C65D8E743C}"
EndProject
Project("{9D935E3F-63E6-97BC-5423-12327874CE87}") = "rush01_0", "Assembly-CSharp.csproj", "{173A726B-2E50-3439-32E3-956FA79C30A4}"
EndProject
Project("{9D935E3F-63E6-97BC-5423-12327874CE87}") = "rush01_0", "Assembly-CSharp-Editor.csproj", "{7869B943-6B67-DC74-A9B7-E51DB528DC5D}"
EndProject
Global
	GlobalSection(SolutionConfigurationPlatforms) = preSolution
		Debug|Any CPU = Debug|Any CPU
		Release|Any CPU = Release|Any CPU
	EndGlobalSection
	GlobalSection(ProjectConfigurationPlatforms) = postSolution
		{39B2A280-C50D-C001-F4F2-82C65D8E743C}.Debug|Any CPU.ActiveCfg = Debug|Any CPU
		{39B2A280-C50D-C001-F4F2-82C65D8E743C}.Debug|Any CPU.Build.0 = Debug|Any CPU
		{39B2A280-C50D-C001-F4F2-82C65D8E743C}.Release|Any CPU.ActiveCfg = Release|Any CPU
		{39B2A280-C50D-C001-F4F2-82C65D8E743C}.Release|Any CPU.Build.0 = Release|Any CPU
		{173A726B-2E50-3439-32E3-956FA79C30A4}.Debug|Any CPU.ActiveCfg = Debug|Any CPU
		{173A726B-2E50-3439-32E3-956FA79C30A4}.Debug|Any CPU.Build.0 = Debug|Any CPU
		{173A726B-2E50-3439-32E3-956FA79C30A4}.Release|Any CPU.ActiveCfg = Release|Any CPU
		{173A726B-2E50-3439-32E3-956FA79C30A4}.Release|Any CPU.Build.0 = Release|Any CPU
		{7869B943-6B67-DC74-A9B7-E51DB528DC5D}.Debug|Any CPU.ActiveCfg = Debug|Any CPU
		{7869B943-6B67-DC74-A9B7-E51DB528DC5D}.Debug|Any CPU.Build.0 = Debug|Any CPU
		{7869B943-6B67-DC74-A9B7-E51DB528DC5D}.Release|Any CPU.ActiveCfg = Release|Any CPU
		{7869B943-6B67-DC74-A9B7-E51DB528DC5D}.Release|Any CPU.Build.0 = Release|Any CPU
	EndGlobalSection
	GlobalSection(SolutionProperties) = preSolution
		HideSolutionNode = FALSE
	EndGlobalSection
	GlobalSection(MonoDevelopProperties) = preSolution
		StartupItem = Assembly-CSharp.csproj
	EndGlobalSection
EndGlobal
